// !$*UTF8*$!
{
	archiveVersion = 1;
	classes = {
	};
	objectVersion = 50;
	objects = {

/* Begin PBXBuildFile section */
		47510D2520E3A1E70051EAEA /* AppDelegate.swift in Sources */ = {isa = PBXBuildFile; fileRef = 47510D2420E3A1E70051EAEA /* AppDelegate.swift */; };
		47510D2A20E3A1E70051EAEA /* Main.storyboard in Resources */ = {isa = PBXBuildFile; fileRef = 47510D2820E3A1E70051EAEA /* Main.storyboard */; };
		47510D2C20E3A1EA0051EAEA /* Assets.xcassets in Resources */ = {isa = PBXBuildFile; fileRef = 47510D2B20E3A1EA0051EAEA /* Assets.xcassets */; };
		47510D2F20E3A1EA0051EAEA /* LaunchScreen.storyboard in Resources */ = {isa = PBXBuildFile; fileRef = 47510D2D20E3A1EA0051EAEA /* LaunchScreen.storyboard */; };
		47510D3720E3A3BA0051EAEA /* SampleData.swift in Sources */ = {isa = PBXBuildFile; fileRef = 47510D3620E3A3BA0051EAEA /* SampleData.swift */; };
		47510D3920E3A5FC0051EAEA /* ProductTableViewController.swift in Sources */ = {isa = PBXBuildFile; fileRef = 47510D3820E3A5FC0051EAEA /* ProductTableViewController.swift */; };
		47510D3B20E3AAD80051EAEA /* SlideContainerViewController.swift in Sources */ = {isa = PBXBuildFile; fileRef = 47510D3A20E3AAD80051EAEA /* SlideContainerViewController.swift */; };
		47510D3D20E3B0410051EAEA /* ProductTypeTableViewController.swift in Sources */ = {isa = PBXBuildFile; fileRef = 47510D3C20E3B0410051EAEA /* ProductTypeTableViewController.swift */; };
/* End PBXBuildFile section */

/* Begin PBXFileReference section */
		47510D2120E3A1E60051EAEA /* SildeOutBar.app */ = {isa = PBXFileReference; explicitFileType = wrapper.application; includeInIndex = 0; path = SildeOutBar.app; sourceTree = BUILT_PRODUCTS_DIR; };
		47510D2420E3A1E70051EAEA /* AppDelegate.swift */ = {isa = PBXFileReference; lastKnownFileType = sourcecode.swift; path = AppDelegate.swift; sourceTree = "<group>"; };
		47510D2920E3A1E70051EAEA /* Base */ = {isa = PBXFileReference; lastKnownFileType = file.storyboard; name = Base; path = Base.lproj/Main.storyboard; sourceTree = "<group>"; };
		47510D2B20E3A1EA0051EAEA /* Assets.xcassets */ = {isa = PBXFileReference; lastKnownFileType = folder.assetcatalog; path = Assets.xcassets; sourceTree = "<group>"; };
		47510D2E20E3A1EA0051EAEA /* Base */ = {isa = PBXFileReference; lastKnownFileType = file.storyboard; name = Base; path = Base.lproj/LaunchScreen.storyboard; sourceTree = "<group>"; };
		47510D3020E3A1EA0051EAEA /* Info.plist */ = {isa = PBXFileReference; lastKnownFileType = text.plist.xml; path = Info.plist; sourceTree = "<group>"; };
		47510D3620E3A3BA0051EAEA /* SampleData.swift */ = {isa = PBXFileReference; lastKnownFileType = sourcecode.swift; path = SampleData.swift; sourceTree = "<group>"; };
		47510D3820E3A5FC0051EAEA /* ProductTableViewController.swift */ = {isa = PBXFileReference; lastKnownFileType = sourcecode.swift; path = ProductTableViewController.swift; sourceTree = "<group>"; };
		47510D3A20E3AAD80051EAEA /* SlideContainerViewController.swift */ = {isa = PBXFileReference; lastKnownFileType = sourcecode.swift; path = SlideContainerViewController.swift; sourceTree = "<group>"; };
		47510D3C20E3B0410051EAEA /* ProductTypeTableViewController.swift */ = {isa = PBXFileReference; lastKnownFileType = sourcecode.swift; path = ProductTypeTableViewController.swift; sourceTree = "<group>"; };
/* End PBXFileReference section */

/* Begin PBXFrameworksBuildPhase section */
		47510D1E20E3A1E60051EAEA /* Frameworks */ = {
			isa = PBXFrameworksBuildPhase;
			buildActionMask = 2147483647;
			files = (
			);
			runOnlyForDeploymentPostprocessing = 0;
		};
/* End PBXFrameworksBuildPhase section */

/* Begin PBXGroup section */
		47510D1820E3A1E60051EAEA = {
			isa = PBXGroup;
			children = (
				47510D2320E3A1E60051EAEA /* SildeOutBar */,
				47510D2220E3A1E60051EAEA /* Products */,
			);
			sourceTree = "<group>";
		};
		47510D2220E3A1E60051EAEA /* Products */ = {
			isa = PBXGroup;
			children = (
				47510D2120E3A1E60051EAEA /* SildeOutBar.app */,
			);
			name = Products;
			sourceTree = "<group>";
		};
		47510D2320E3A1E60051EAEA /* SildeOutBar */ = {
			isa = PBXGroup;
			children = (
				47510D2420E3A1E70051EAEA /* AppDelegate.swift */,
				47510D2820E3A1E70051EAEA /* Main.storyboard */,
				47510D2B20E3A1EA0051EAEA /* Assets.xcassets */,
				47510D2D20E3A1EA0051EAEA /* LaunchScreen.storyboard */,
				47510D3020E3A1EA0051EAEA /* Info.plist */,
				47510D3A20E3AAD80051EAEA /* SlideContainerViewController.swift */,
				47510D3C20E3B0410051EAEA /* ProductTypeTableViewController.swift */,
				47510D3820E3A5FC0051EAEA /* ProductTableViewController.swift */,
				47510D3620E3A3BA0051EAEA /* SampleData.swift */,
			);
			path = SildeOutBar;
			sourceTree = "<group>";
		};
/* End PBXGroup section */

/* Begin PBXNativeTarget section */
		47510D2020E3A1E60051EAEA /* SildeOutBar */ = {
			isa = PBXNativeTarget;
			buildConfigurationList = 47510D3320E3A1EA0051EAEA /* Build configuration list for PBXNativeTarget "SildeOutBar" */;
			buildPhases = (
				47510D1D20E3A1E60051EAEA /* Sources */,
				47510D1E20E3A1E60051EAEA /* Frameworks */,
				47510D1F20E3A1E60051EAEA /* Resources */,
			);
			buildRules = (
			);
			dependencies = (
			);
			name = SildeOutBar;
			productName = SildeOutBar;
			productReference = 47510D2120E3A1E60051EAEA /* SildeOutBar.app */;
			productType = "com.apple.product-type.application";
		};
/* End PBXNativeTarget section */

/* Begin PBXProject section */
		47510D1920E3A1E60051EAEA /* Project object */ = {
			isa = PBXProject;
			attributes = {
				LastSwiftUpdateCheck = 0940;
				LastUpgradeCheck = 0940;
				ORGANIZATIONNAME = "Keshav Raj";
				TargetAttributes = {
					47510D2020E3A1E60051EAEA = {
						CreatedOnToolsVersion = 9.4.1;
					};
				};
			};
			buildConfigurationList = 47510D1C20E3A1E60051EAEA /* Build configuration list for PBXProject "SildeOutBar" */;
			compatibilityVersion = "Xcode 9.3";
			developmentRegion = en;
			hasScannedForEncodings = 0;
			knownRegions = (
				en,
				Base,
			);
			mainGroup = 47510D1820E3A1E60051EAEA;
			productRefGroup = 47510D2220E3A1E60051EAEA /* Products */;
			projectDirPath = "";
			projectRoot = "";
			targets = (
				47510D2020E3A1E60051EAEA /* SildeOutBar */,
			);
		};
/* End PBXProject section */

/* Begin PBXResourcesBuildPhase section */
		47510D1F20E3A1E60051EAEA /* Resources */ = {
			isa = PBXResourcesBuildPhase;
			buildActionMask = 2147483647;
			files = (
				47510D2F20E3A1EA0051EAEA /* LaunchScreen.storyboard in Resources */,
				47510D2C20E3A1EA0051EAEA /* Assets.xcassets in Resources */,
				47510D2A20E3A1E70051EAEA /* Main.storyboard in Resources */,
			);
			runOnlyForDeploymentPostprocessing = 0;
		};
/* End PBXResourcesBuildPhase section */

/* Begin PBXSourcesBuildPhase section */
		47510D1D20E3A1E60051EAEA /* Sources */ = {
			isa = PBXSourcesBuildPhase;
			buildActionMask = 2147483647;
			files = (
				47510D3B20E3AAD80051EAEA /* SlideContainerViewController.swift in Sources */,
				47510D2520E3A1E70051EAEA /* AppDelegate.swift in Sources */,
				47510D3920E3A5FC0051EAEA /* ProductTableViewController.swift in Sources */,
				47510D3720E3A3BA0051EAEA /* SampleData.swift in Sources */,
				47510D3D20E3B0410051EAEA /* ProductTypeTableViewController.swift in Sources */,
			);
			runOnlyForDeploymentPostprocessing = 0;
		};
/* End PBXSourcesBuildPhase section */

/* Begin PBXVariantGroup section */
		47510D2820E3A1E70051EAEA /* Main.storyboard */ = {
			isa = PBXVariantGroup;
			children = (
				47510D2920E3A1E70051EAEA /* Base */,
			);
			name = Main.storyboard;
			sourceTree = "<group>";
		};
		47510D2D20E3A1EA0051EAEA /* LaunchScreen.storyboard */ = {
			isa = PBXVariantGroup;
			children = (
				47510D2E20E3A1EA0051EAEA /* Base */,
			);
			name = LaunchScreen.storyboard;
			sourceTree = "<group>";
		};
/* End PBXVariantGroup section */

/* Begin XCBuildConfiguration section */
		47510D3120E3A1EA0051EAEA /* Debug */ = {
			isa = XCBuildConfiguration;
			buildSettings = {
				ALWAYS_SEARCH_USER_PATHS = NO;
				CLANG_ANALYZER_NONNULL = YES;
				CLANG_ANALYZER_NUMBER_OBJECT_CONVERSION = YES_AGGRESSIVE;
				CLANG_CXX_LANGUAGE_STANDARD = "gnu++14";
				CLANG_CXX_LIBRARY = "libc++";
				CLANG_ENABLE_MODULES = YES;
				CLANG_ENABLE_OBJC_ARC = YES;
				CLANG_ENABLE_OBJC_WEAK = YES;
				CLANG_WARN_BLOCK_CAPTURE_AUTORELEASING = YES;
				CLANG_WARN_BOOL_CONVERSION = YES;
				CLANG_WARN_COMMA = YES;
				CLANG_WARN_CONSTANT_CONVERSION = YES;
				CLANG_WARN_DEPRECATED_OBJC_IMPLEMENTATIONS = YES;
				CLANG_WARN_DIRECT_OBJC_ISA_USAGE = YES_ERROR;
				CLANG_WARN_DOCUMENTATION_COMMENTS = YES;
				CLANG_WARN_EMPTY_BODY = YES;
				CLANG_WARN_ENUM_CONVERSION = YES;
				CLANG_WARN_INFINITE_RECURSION = YES;
				CLANG_WARN_INT_CONVERSION = YES;
				CLANG_WARN_NON_LITERAL_NULL_CONVERSION = YES;
				CLANG_WARN_OBJC_IMPLICIT_RETAIN_SELF = YES;
				CLANG_WARN_OBJC_LITERAL_CONVERSION = YES;
				CLANG_WARN_OBJC_ROOT_CLASS = YES_ERROR;
				CLANG_WARN_RANGE_LOOP_ANALYSIS = YES;
				CLANG_WARN_STRICT_PROTOTYPES = YES;
				CLANG_WARN_SUSPICIOUS_MOVE = YES;
				CLANG_WARN_UNGUARDED_AVAILABILITY = YES_AGGRESSIVE;
				CLANG_WARN_UNREACHABLE_CODE = YES;
				CLANG_WARN__DUPLICATE_METHOD_MATCH = YES;
				CODE_SIGN_IDENTITY = "iPhone Developer";
				COPY_PHASE_STRIP = NO;
				DEBUG_INFORMATION_FORMAT = dwarf;
				ENABLE_STRICT_OBJC_MSGSEND = YES;
				ENABLE_TESTABILITY = YES;
				GCC_C_LANGUAGE_STANDARD = gnu11;
				GCC_DYNAMIC_NO_PIC = NO;
				GCC_NO_COMMON_BLOCKS = YES;
				GCC_OPTIMIZATION_LEVEL = 0;
				GCC_PREPROCESSOR_DEFINITIONS = (
					"DEBUG=1",
					"$(inherited)",
				);
				GCC_WARN_64_TO_32_BIT_CONVERSION = YES;
				GCC_WARN_ABOUT_RETURN_TYPE = YES_ERROR;
				GCC_WARN_UNDECLARED_SELECTOR = YES;
				GCC_WARN_UNINITIALIZED_AUTOS = YES_AGGRESSIVE;
				GCC_WARN_UNUSED_FUNCTION = YES;
				GCC_WARN_UNUSED_VARIABLE = YES;
				IPHONEOS_DEPLOYMENT_TARGET = 11.4;
				MTL_ENABLE_DEBUG_INFO = YES;
				ONLY_ACTIVE_ARCH = YES;
				SDKROOT = iphoneos;
				SWIFT_ACTIVE_COMPILATION_CONDITIONS = DEBUG;
				SWIFT_OPTIMIZATION_LEVEL = "-Onone";
			};
			name = Debug;
		};
		47510D3220E3A1EA0051EAEA /* Release */ = {
			isa = XCBuildConfiguration;
			buildSettings = {
				ALWAYS_SEARCH_USER_PATHS = NO;
				CLANG_ANALYZER_NONNULL = YES;
				CLANG_ANALYZER_NUMBER_OBJECT_CONVERSION = YES_AGGRESSIVE;
				CLANG_CXX_LANGUAGE_STANDARD = "gnu++14";
				CLANG_CXX_LIBRARY = "libc++";
				CLANG_ENABLE_MODULES = YES;
				CLANG_ENABLE_OBJC_ARC = YES;
				CLANG_ENABLE_OBJC_WEAK = YES;
				CLANG_WARN_BLOCK_CAPTURE_AUTORELEASING = YES;
				CLANG_WARN_BOOL_CONVERSION = YES;
				CLANG_WARN_COMMA = YES;
				CLANG_WARN_CONSTANT_CONVERSION = YES;
				CLANG_WARN_DEPRECATED_OBJC_IMPLEMENTATIONS = YES;
				CLANG_WARN_DIRECT_OBJC_ISA_USAGE = YES_ERROR;
				CLANG_WARN_DOCUMENTATION_COMMENTS = YES;
				CLANG_WARN_EMPTY_BODY = YES;
				CLANG_WARN_ENUM_CONVERSION = YES;
				CLANG_WARN_INFINITE_RECURSION = YES;
				CLANG_WARN_INT_CONVERSION = YES;
				CLANG_WARN_NON_LITERAL_NULL_CONVERSION = YES;
				CLANG_WARN_OBJC_IMPLICIT_RETAIN_SELF = YES;
				CLANG_WARN_OBJC_LITERAL_CONVERSION = YES;
				CLANG_WARN_OBJC_ROOT_CLASS = YES_ERROR;
				CLANG_WARN_RANGE_LOOP_ANALYSIS = YES;
				CLANG_WARN_STRICT_PROTOTYPES = YES;
				CLANG_WARN_SUSPICIOUS_MOVE = YES;
				CLANG_WARN_UNGUARDED_AVAILABILITY = YES_AGGRESSIVE;
				CLANG_WARN_UNREACHABLE_CODE = YES;
				CLANG_WARN__DUPLICATE_METHOD_MATCH = YES;
				CODE_SIGN_IDENTITY = "iPhone Developer";
				COPY_PHASE_STRIP = NO;
				DEBUG_INFORMATION_FORMAT = "dwarf-with-dsym";
				ENABLE_NS_ASSERTIONS = NO;
				ENABLE_STRICT_OBJC_MSGSEND = YES;
				GCC_C_LANGUAGE_STANDARD = gnu11;
				GCC_NO_COMMON_BLOCKS = YES;
				GCC_WARN_64_TO_32_BIT_CONVERSION = YES;
				GCC_WARN_ABOUT_RETURN_TYPE = YES_ERROR;
				GCC_WARN_UNDECLARED_SELECTOR = YES;
				GCC_WARN_UNINITIALIZED_AUTOS = YES_AGGRESSIVE;
				GCC_WARN_UNUSED_FUNCTION = YES;
				GCC_WARN_UNUSED_VARIABLE = YES;
				IPHONEOS_DEPLOYMENT_TARGET = 11.4;
				MTL_ENABLE_DEBUG_INFO = NO;
				SDKROOT = iphoneos;
				SWIFT_COMPILATION_MODE = wholemodule;
				SWIFT_OPTIMIZATION_LEVEL = "-O";
				VALIDATE_PRODUCT = YES;
			};
			name = Release;
		};
		47510D3420E3A1EA0051EAEA /* Debug */ = {
			isa = XCBuildConfiguration;
			buildSettings = {
				ASSETCATALOG_COMPILER_APPICON_NAME = AppIcon;
				CODE_SIGN_STYLE = Automatic;
				INFOPLIST_FILE = SildeOutBar/Info.plist;
				LD_RUNPATH_SEARCH_PATHS = (
					"$(inherited)",
					"@executable_path/Frameworks",
				);
				PRODUCT_BUNDLE_IDENTIFIER = com.KeshavRaj.SildeOutBar;
				PRODUCT_NAME = "$(TARGET_NAME)";
				SWIFT_VERSION = 4.0;
				TARGETED_DEVICE_FAMILY = "1,2";
			};
			name = Debug;
		};
		47510D3520E3A1EA0051EAEA /* Release */ = {
			isa = XCBuildConfiguration;
			buildSettings = {
				ASSETCATALOG_COMPILER_APPICON_NAME = AppIcon;
				CODE_SIGN_STYLE = Automatic;
				INFOPLIST_FILE = SildeOutBar/Info.plist;
				LD_RUNPATH_SEARCH_PATHS = (
					"$(inherited)",
					"@executable_path/Frameworks",
				);
				PRODUCT_BUNDLE_IDENTIFIER = com.KeshavRaj.SildeOutBar;
				PRODUCT_NAME = "$(TARGET_NAME)";
				SWIFT_VERSION = 4.0;
				TARGETED_DEVICE_FAMILY = "1,2";
			};
			name = Release;
		};
/* End XCBuildConfiguration section */

/* Begin XCConfigurationList section */
		47510D1C20E3A1E60051EAEA /* Build configuration list for PBXProject "SildeOutBar" */ = {
			isa = XCConfigurationList;
			buildConfigurations = (
				47510D3120E3A1EA0051EAEA /* Debug */,
				47510D3220E3A1EA0051EAEA /* Release */,
			);
			defaultConfigurationIsVisible = 0;
			defaultConfigurationName = Release;
		};
		47510D3320E3A1EA0051EAEA /* Build configuration list for PBXNativeTarget "SildeOutBar" */ = {
			isa = XCConfigurationList;
			buildConfigurations = (
				47510D3420E3A1EA0051EAEA /* Debug */,
				47510D3520E3A1EA0051EAEA /* Release */,
			);
			defaultConfigurationIsVisible = 0;
			defaultConfigurationName = Release;
		};
/* End XCConfigurationList section */
	};
	rootObject = 47510D1920E3A1E60051EAEA /* Project object */;
}
